
Microsoft Visual Studio Solution File, Format Version 12.00
# Visual Studio Version 17
VisualStudioVersion = 17.6.33815.320
MinimumVisualStudioVersion = 10.0.40219.1
Project("{888888A0-9F3D-457C-B088-3A5042F75D52}") = "Email_Sender", "Email_Sender\Email_Sender.pyproj", "{87F316D1-C733-4A17-988E-C8C7E3C29F07}"
EndProject
Global
	GlobalSection(SolutionConfigurationPlatforms) = preSolution
		Debug|Any CPU = Debug|Any CPU
		Release|Any CPU = Release|Any CPU
	EndGlobalSection
	GlobalSection(ProjectConfigurationPlatforms) = postSolution
		{87F316D1-C733-4A17-988E-C8C7E3C29F07}.Debug|Any CPU.ActiveCfg = Debug|Any CPU
		{87F316D1-C733-4A17-988E-C8C7E3C29F07}.Release|Any CPU.ActiveCfg = Release|Any CPU
	EndGlobalSection
	GlobalSection(SolutionProperties) = preSolution
		HideSolutionNode = FALSE
	EndGlobalSection
	GlobalSection(ExtensibilityGlobals) = postSolution
		SolutionGuid = {2D081D39-4554-47C8-85F1-579A6438337B}
	EndGlobalSection
EndGlobal
